
Microsoft Visual Studio Solution File, Format Version 12.00
# Visual Studio Version 17
VisualStudioVersion = 17.1.32210.238
MinimumVisualStudioVersion = 10.0.40219.1
Project("{FAE04EC0-301F-11D3-BF4B-00C04F79EFBC}") = "WebApplication1", "WebApplication1\WebApplication1.csproj", "{C2D91B11-9301-4233-813E-303AC859075E}"
EndProject
Global
	GlobalSection(SolutionConfigurationPlatforms) = preSolution
		Debug|Any CPU = Debug|Any CPU
		Release|Any CPU = Release|Any CPU
	EndGlobalSection
	GlobalSection(ProjectConfigurationPlatforms) = postSolution
		{C2D91B11-9301-4233-813E-303AC859075E}.Debug|Any CPU.ActiveCfg = Debug|Any CPU
		{C2D91B11-9301-4233-813E-303AC859075E}.Debug|Any CPU.Build.0 = Debug|Any CPU
		{C2D91B11-9301-4233-813E-303AC859075E}.Release|Any CPU.ActiveCfg = Release|Any CPU
		{C2D91B11-9301-4233-813E-303AC859075E}.Release|Any CPU.Build.0 = Release|Any CPU
	EndGlobalSection
	GlobalSection(SolutionProperties) = preSolution
		HideSolutionNode = FALSE
	EndGlobalSection
	GlobalSection(ExtensibilityGlobals) = postSolution
		SolutionGuid = {BDF46E4A-C63C-4807-B29B-55F10AB9B201}
	EndGlobalSection
EndGlobal
